
Microsoft Visual Studio Solution File, Format Version 12.00
# Visual Studio Version 17
VisualStudioVersion = 17.4.33110.190
MinimumVisualStudioVersion = 10.0.40219.1
Project("{FAE04EC0-301F-11D3-BF4B-00C04F79EFBC}") = "WebAPI_Levinci", "WebAPI_Levinci\WebAPI_Levinci.csproj", "{18EB7A88-D8F3-4935-9A55-17797168DAC2}"
EndProject
Global
	GlobalSection(SolutionConfigurationPlatforms) = preSolution
		Debug|Any CPU = Debug|Any CPU
		Release|Any CPU = Release|Any CPU
	EndGlobalSection
	GlobalSection(ProjectConfigurationPlatforms) = postSolution
		{18EB7A88-D8F3-4935-9A55-17797168DAC2}.Debug|Any CPU.ActiveCfg = Debug|Any CPU
		{18EB7A88-D8F3-4935-9A55-17797168DAC2}.Debug|Any CPU.Build.0 = Debug|Any CPU
		{18EB7A88-D8F3-4935-9A55-17797168DAC2}.Release|Any CPU.ActiveCfg = Release|Any CPU
		{18EB7A88-D8F3-4935-9A55-17797168DAC2}.Release|Any CPU.Build.0 = Release|Any CPU
	EndGlobalSection
	GlobalSection(SolutionProperties) = preSolution
		HideSolutionNode = FALSE
	EndGlobalSection
	GlobalSection(ExtensibilityGlobals) = postSolution
		SolutionGuid = {B30A5131-A1B2-416B-B31C-2099192DADA7}
	EndGlobalSection
EndGlobal
